
Microsoft Visual Studio Solution File, Format Version 12.00
# Visual Studio Version 16
VisualStudioVersion = 16.0.30523.141
MinimumVisualStudioVersion = 10.0.40219.1
Project("{FAE04EC0-301F-11D3-BF4B-00C04F79EFBC}") = "LoginForm2", "LoginForm2\LoginForm2.csproj", "{FB095525-FC9A-4F09-9830-4607F4B1EB9C}"
EndProject
Global
	GlobalSection(SolutionConfigurationPlatforms) = preSolution
		Debug|Any CPU = Debug|Any CPU
		Release|Any CPU = Release|Any CPU
	EndGlobalSection
	GlobalSection(ProjectConfigurationPlatforms) = postSolution
		{FB095525-FC9A-4F09-9830-4607F4B1EB9C}.Debug|Any CPU.ActiveCfg = Debug|Any CPU
		{FB095525-FC9A-4F09-9830-4607F4B1EB9C}.Debug|Any CPU.Build.0 = Debug|Any CPU
		{FB095525-FC9A-4F09-9830-4607F4B1EB9C}.Release|Any CPU.ActiveCfg = Release|Any CPU
		{FB095525-FC9A-4F09-9830-4607F4B1EB9C}.Release|Any CPU.Build.0 = Release|Any CPU
	EndGlobalSection
	GlobalSection(SolutionProperties) = preSolution
		HideSolutionNode = FALSE
	EndGlobalSection
	GlobalSection(ExtensibilityGlobals) = postSolution
		SolutionGuid = {CEC7DDE8-CBE1-4658-9417-FDC29641FADF}
	EndGlobalSection
EndGlobal
